{
  "name": "tsLearning",
  "version": "1.0.0",
  "lockfileVersion": 1,
  "requires": true,
  "dependencies": {
    "@types/node": {
      "version": "12.12.8",
      "resolved": "https://registry.npm.taobao.org/@types/node/download/@types/node-12.12.8.tgz",
      "integrity": "sha1-2rQYZVrznOL6mShqC+0h74ByrJ0="
    }
  }
}
